<?xml version="1.0" encoding="utf-8"?>
<Project ToolsVersion="4.0" xmlns="http://schemas.microsoft.com/developer/msbuild/2003">
  <ItemGroup>
    <Filter Include="Source Files">
      <UniqueIdentifier>{4FC737F1-C7A5-4376-A066-2A32D752A2FF}</UniqueIdentifier>
      <Extensions>cpp;c;cc;cxx;def;odl;idl;hpj;bat;asm;asmx</Extensions>
    </Filter>
    <Filter Include="Header Files">
      <UniqueIdentifier>{93995380-89BD-4b04-88EB-625FBE52EBFB}</UniqueIdentifier>
      <Extensions>h;hh;hpp;hxx;hm;inl;inc;xsd</Extensions>
    </Filter>
    <Filter Include="Resource Files">
      <UniqueIdentifier>{67DA6AB6-F800-4c08-8B7A-83BB121AAD01}</UniqueIdentifier>
      <Extensions>rc;ico;cur;bmp;dlg;rc2;rct;bin;rgs;gif;jpg;jpeg;jpe;resx;tiff;tif;png;wav;mfcribbon-ms</Extensions>
    </Filter>
    <Filter Include="Header Files\sptrader">
      <UniqueIdentifier>{8fde8ce8-f363-4480-b71b-5f3e356e3f29}</UniqueIdentifier>
    </Filter>
    <Filter Include="Source Files\sptrader">
      <UniqueIdentifier>{9c89d32d-9a1b-4ac7-b0ac-3ddbc570bef2}</UniqueIdentifier>
    </Filter>
    <Filter Include="Header Files\interface">
      <UniqueIdentifier>{a2690536-c1ad-4404-b80c-b92f0bc7694a}</UniqueIdentifier>
    </Filter>
  </ItemGroup>
  <ItemGroup>
    <ClInclude Include="Bar.h">
      <Filter>Header Files</Filter>
    </ClInclude>
    <ClInclude Include="ComboOrder.h">
      <Filter>Header Files</Filter>
    </ClInclude>
    <ClInclude Include="ComboTrader.h">
      <Filter>Header Files</Filter>
    </ClInclude>
    <ClInclude Include="Dispatcher.h">
      <Filter>Header Files</Filter>
    </ClInclude>
    <ClInclude Include="DispatcherFactory.h">
      <Filter>Header Files</Filter>
    </ClInclude>
    <ClInclude Include="LogHandler.h">
      <Filter>Header Files</Filter>
    </ClInclude>
    <ClInclude Include="OrderItem.h">
      <Filter>Header Files</Filter>
    </ClInclude>
    <ClInclude Include="PlatformInfo.h">
      <Filter>Header Files</Filter>
    </ClInclude>
    <ClInclude Include="Position.h">
      <Filter>Header Files</Filter>
    </ClInclude>
    <ClInclude Include="PriceItem.h">
      <Filter>Header Files</Filter>
    </ClInclude>
    <ClInclude Include="QuoteItem.h">
      <Filter>Header Files</Filter>
    </ClInclude>
    <ClInclude Include="SPTrader.h">
      <Filter>Header Files</Filter>
    </ClInclude>
    <ClInclude Include="Strategy.h">
      <Filter>Header Files</Filter>
    </ClInclude>
    <ClInclude Include="SwingTrader.h">
      <Filter>Header Files</Filter>
    </ClInclude>
    <ClInclude Include="TradeCube.h">
      <Filter>Header Files</Filter>
    </ClInclude>
    <ClInclude Include="TradeItem.h">
      <Filter>Header Files</Filter>
    </ClInclude>
    <ClInclude Include="TradeUnit.h">
      <Filter>Header Files</Filter>
    </ClInclude>
    <ClInclude Include="string_processor.h">
      <Filter>Header Files</Filter>
    </ClInclude>
    <ClInclude Include="constants.h">
      <Filter>Header Files</Filter>
    </ClInclude>
    <ClInclude Include="global.h">
      <Filter>Header Files</Filter>
    </ClInclude>
    <ClInclude Include="socket_helper.h">
      <Filter>Header Files</Filter>
    </ClInclude>
    <ClInclude Include="StrategyInterface.h">
      <Filter>Header Files</Filter>
    </ClInclude>
    <ClInclude Include="sptrader\sptrader_ticker.h">
      <Filter>Header Files\sptrader</Filter>
    </ClInclude>
    <ClInclude Include="sptrader\message_processor.h">
      <Filter>Header Files\sptrader</Filter>
    </ClInclude>
    <ClInclude Include="sptrader\socket_client.h">
      <Filter>Header Files\sptrader</Filter>
    </ClInclude>
    <ClInclude Include="sptrader\sptrader_order.h">
      <Filter>Header Files\sptrader</Filter>
    </ClInclude>
    <ClInclude Include="sptrader\sptrader_task.h">
      <Filter>Header Files\sptrader</Filter>
    </ClInclude>
    <ClInclude Include="tc_bar.h">
      <Filter>Header Files</Filter>
    </ClInclude>
    <ClInclude Include="sptrader\sptrader_price.h">
      <Filter>Header Files\sptrader</Filter>
    </ClInclude>
    <ClInclude Include="signal.h">
      <Filter>Header Files</Filter>
    </ClInclude>
    <ClInclude Include="study.h">
      <Filter>Header Files</Filter>
    </ClInclude>
  </ItemGroup>
  <ItemGroup>
    <ClCompile Include="ComboTrader.cpp">
      <Filter>Source Files</Filter>
    </ClCompile>
    <ClCompile Include="Dispatcher.cpp">
      <Filter>Source Files</Filter>
    </ClCompile>
    <ClCompile Include="DispatcherFactory.cpp">
      <Filter>Source Files</Filter>
    </ClCompile>
    <ClCompile Include="SPTrader.cpp">
      <Filter>Source Files</Filter>
    </ClCompile>
    <ClCompile Include="Strategy.cpp">
      <Filter>Source Files</Filter>
    </ClCompile>
    <ClCompile Include="SwingTrader.cpp">
      <Filter>Source Files</Filter>
    </ClCompile>
    <ClCompile Include="TradeUnit.cpp">
      <Filter>Source Files</Filter>
    </ClCompile>
    <ClCompile Include="Bar.cpp">
      <Filter>Source Files</Filter>
    </ClCompile>
    <ClCompile Include="PriceItem.cpp">
      <Filter>Source Files</Filter>
    </ClCompile>
    <ClCompile Include="string_processor.cpp">
      <Filter>Source Files</Filter>
    </ClCompile>
    <ClCompile Include="LogHandler.cpp">
      <Filter>Source Files</Filter>
    </ClCompile>
    <ClCompile Include="OrderItem.cpp">
      <Filter>Source Files</Filter>
    </ClCompile>
    <ClCompile Include="ComboOrder.cpp">
      <Filter>Source Files</Filter>
    </ClCompile>
    <ClCompile Include="TC.cpp">
      <Filter>Source Files</Filter>
    </ClCompile>
    <ClCompile Include="TradeItem.cpp">
      <Filter>Source Files</Filter>
    </ClCompile>
    <ClCompile Include="Position.cpp">
      <Filter>Source Files</Filter>
    </ClCompile>
    <ClCompile Include="StrategyInterface.cpp">
      <Filter>Source Files</Filter>
    </ClCompile>
    <ClCompile Include="sptrader\socket_client.cpp">
      <Filter>Source Files\sptrader</Filter>
    </ClCompile>
    <ClCompile Include="sptrader\sptrader_ticker.cpp">
      <Filter>Source Files\sptrader</Filter>
    </ClCompile>
    <ClCompile Include="sptrader\sptrader_order.cpp">
      <Filter>Source Files\sptrader</Filter>
    </ClCompile>
    <ClCompile Include="tc_bar.cpp">
      <Filter>Source Files</Filter>
    </ClCompile>
    <ClCompile Include="sptrader\sptrader_price.cpp">
      <Filter>Source Files\sptrader</Filter>
    </ClCompile>
    <ClCompile Include="signal.cpp">
      <Filter>Source Files</Filter>
    </ClCompile>
    <ClCompile Include="study.cpp">
      <Filter>Source Files</Filter>
    </ClCompile>
  </ItemGroup>
</Project>