<?xml version="1.0" encoding="utf-8"?>
<Project ToolsVersion="4.0" xmlns="http://schemas.microsoft.com/developer/msbuild/2003">
  <ItemGroup>
    <Filter Include="Source Files">
      <UniqueIdentifier>{4FC737F1-C7A5-4376-A066-2A32D752A2FF}</UniqueIdentifier>
      <Extensions>cpp;c;cc;cxx;def;odl;idl;hpj;bat;asm;asmx</Extensions>
    </Filter>
    <Filter Include="Header Files">
      <UniqueIdentifier>{93995380-89BD-4b04-88EB-625FBE52EBFB}</UniqueIdentifier>
      <Extensions>h;hpp;hxx;hm;inl;inc;xsd</Extensions>
    </Filter>
    <Filter Include="Resource Files">
      <UniqueIdentifier>{67DA6AB6-F800-4c08-8B7A-83BB121AAD01}</UniqueIdentifier>
      <Extensions>rc;ico;cur;bmp;dlg;rc2;rct;bin;rgs;gif;jpg;jpeg;jpe;resx;tiff;tif;png;wav;mfcribbon-ms</Extensions>
    </Filter>
    <Filter Include="Header Files\interface">
      <UniqueIdentifier>{2e36ba82-e494-420d-a72d-39f5c9264055}</UniqueIdentifier>
    </Filter>
    <Filter Include="Header Files\data">
      <UniqueIdentifier>{6316263f-bce1-47ad-86d5-9b227950b3c4}</UniqueIdentifier>
    </Filter>
    <Filter Include="Source Files\data">
      <UniqueIdentifier>{701143c7-a66f-47e4-9253-64a5848ff595}</UniqueIdentifier>
    </Filter>
    <Filter Include="Header Files\bison">
      <UniqueIdentifier>{e801198e-abaa-4d92-8632-c1bb691c744d}</UniqueIdentifier>
    </Filter>
    <Filter Include="Source Files\bison">
      <UniqueIdentifier>{447bfacc-4921-4fa6-8bd5-0dffa74f91e9}</UniqueIdentifier>
    </Filter>
    <Filter Include="Header Files\execution">
      <UniqueIdentifier>{7eb95042-75ab-4fdd-8f73-03e1778c1e03}</UniqueIdentifier>
    </Filter>
    <Filter Include="Source Files\execution">
      <UniqueIdentifier>{4b8820c2-ab54-4480-ae8d-28ad7dd20001}</UniqueIdentifier>
    </Filter>
  </ItemGroup>
  <ItemGroup>
    <ClCompile Include="table.cpp">
      <Filter>Source Files</Filter>
    </ClCompile>
    <ClCompile Include="functions.cpp">
      <Filter>Source Files</Filter>
    </ClCompile>
    <ClCompile Include="check_visitor.cpp">
      <Filter>Source Files</Filter>
    </ClCompile>
    <ClCompile Include="lex_runner.cpp">
      <Filter>Source Files</Filter>
    </ClCompile>
    <ClCompile Include="data\sqlite3.c">
      <Filter>Source Files\data</Filter>
    </ClCompile>
    <ClCompile Include="data\data.cpp">
      <Filter>Source Files\data</Filter>
    </ClCompile>
    <ClCompile Include="data\data_repository.cpp">
      <Filter>Source Files\data</Filter>
    </ClCompile>
    <ClCompile Include="data\statements.cpp">
      <Filter>Source Files</Filter>
    </ClCompile>
    <ClCompile Include="lex_factory.cpp">
      <Filter>Source Files</Filter>
    </ClCompile>
    <ClCompile Include="lex_impl.cpp">
      <Filter>Source Files</Filter>
    </ClCompile>
    <ClCompile Include="bison\ast.cpp">
      <Filter>Source Files\bison</Filter>
    </ClCompile>
    <ClCompile Include="type.cpp">
      <Filter>Source Files</Filter>
    </ClCompile>
    <ClCompile Include="bison\tree.cpp">
      <Filter>Source Files\bison</Filter>
    </ClCompile>
    <ClCompile Include="bison\el.tab.cpp">
      <Filter>Source Files\bison</Filter>
    </ClCompile>
    <ClCompile Include="bison\lex.yy.cpp">
      <Filter>Source Files\bison</Filter>
    </ClCompile>
    <ClCompile Include="type_checker.cpp">
      <Filter>Source Files</Filter>
    </ClCompile>
    <ClCompile Include="data\program_serialization.cpp">
      <Filter>Source Files\data</Filter>
    </ClCompile>
    <ClCompile Include="execution\operator.cpp">
      <Filter>Source Files</Filter>
    </ClCompile>
    <ClCompile Include="execution\exec_visitor.cpp">
      <Filter>Source Files\execution</Filter>
    </ClCompile>
    <ClCompile Include="execution\exec_visitor_print.cpp">
      <Filter>Source Files\execution</Filter>
    </ClCompile>
    <ClCompile Include="execution\executor.cpp">
      <Filter>Source Files\execution</Filter>
    </ClCompile>
    <ClCompile Include="execution\run_time_environment.cpp">
      <Filter>Source Files\execution</Filter>
    </ClCompile>
    <ClCompile Include="std_table.cpp">
      <Filter>Source Files</Filter>
    </ClCompile>
    <ClCompile Include="execution\signal_executor.cpp">
      <Filter>Source Files\execution</Filter>
    </ClCompile>
  </ItemGroup>
  <ItemGroup>
    <ClInclude Include="table.h">
      <Filter>Header Files</Filter>
    </ClInclude>
    <ClInclude Include="tree.h">
      <Filter>Header Files</Filter>
    </ClInclude>
    <ClInclude Include="ast.h">
      <Filter>Header Files</Filter>
    </ClInclude>
    <ClInclude Include="vv.h">
      <Filter>Header Files</Filter>
    </ClInclude>
    <ClInclude Include="type.h">
      <Filter>Header Files</Filter>
    </ClInclude>
    <ClInclude Include="functions.h">
      <Filter>Header Files</Filter>
    </ClInclude>
    <ClInclude Include="check_visitor.h">
      <Filter>Header Files</Filter>
    </ClInclude>
    <ClInclude Include="global.h">
      <Filter>Header Files</Filter>
    </ClInclude>
    <ClInclude Include="lex_runner_interface.h">
      <Filter>Header Files</Filter>
    </ClInclude>
    <ClInclude Include="lex_runner.h">
      <Filter>Header Files</Filter>
    </ClInclude>
    <ClInclude Include="interface\tc_bar_interface.h">
      <Filter>Header Files\interface</Filter>
    </ClInclude>
    <ClInclude Include="interface\lex_interface.h">
      <Filter>Header Files\interface</Filter>
    </ClInclude>
    <ClInclude Include="data\tree_serialization.h">
      <Filter>Header Files\data</Filter>
    </ClInclude>
    <ClInclude Include="data\sqlite3.h">
      <Filter>Header Files\data</Filter>
    </ClInclude>
    <ClInclude Include="data\ast_serialization.h">
      <Filter>Header Files\data</Filter>
    </ClInclude>
    <ClInclude Include="data\data.h">
      <Filter>Header Files\data</Filter>
    </ClInclude>
    <ClInclude Include="data\data_repository.h">
      <Filter>Header Files\data</Filter>
    </ClInclude>
    <ClInclude Include="data\statements.h">
      <Filter>Header Files\data</Filter>
    </ClInclude>
    <ClInclude Include="interface\lex_factory.h">
      <Filter>Header Files\interface</Filter>
    </ClInclude>
    <ClInclude Include="lex_impl.h">
      <Filter>Header Files</Filter>
    </ClInclude>
    <ClInclude Include="bison\bison.h">
      <Filter>Header Files\bison</Filter>
    </ClInclude>
    <ClInclude Include="bison\el.tab.h">
      <Filter>Header Files\bison</Filter>
    </ClInclude>
    <ClInclude Include="bison\static.h">
      <Filter>Header Files\bison</Filter>
    </ClInclude>
    <ClInclude Include="bison\front.h">
      <Filter>Header Files\bison</Filter>
    </ClInclude>
    <ClInclude Include="bison\lex.h">
      <Filter>Header Files\bison</Filter>
    </ClInclude>
    <ClInclude Include="type_checker.h">
      <Filter>Header Files</Filter>
    </ClInclude>
    <ClInclude Include="type_checker_interface.h">
      <Filter>Header Files</Filter>
    </ClInclude>
    <ClInclude Include="program.h">
      <Filter>Header Files</Filter>
    </ClInclude>
    <ClInclude Include="data\program_serialization.h">
      <Filter>Header Files\data</Filter>
    </ClInclude>
    <ClInclude Include="execution\operator.h">
      <Filter>Header Files</Filter>
    </ClInclude>
    <ClInclude Include="execution\exec_visitor.h">
      <Filter>Header Files\execution</Filter>
    </ClInclude>
    <ClInclude Include="execution\execution.h">
      <Filter>Header Files\execution</Filter>
    </ClInclude>
    <ClInclude Include="execution\executor.h">
      <Filter>Header Files\execution</Filter>
    </ClInclude>
    <ClInclude Include="execution\executor_interface.h">
      <Filter>Header Files\execution</Filter>
    </ClInclude>
    <ClInclude Include="execution\run_time_environment.h">
      <Filter>Header Files\execution</Filter>
    </ClInclude>
    <ClInclude Include="execution\abstract_executor.h">
      <Filter>Header Files\execution</Filter>
    </ClInclude>
    <ClInclude Include="execution\runtime_interface.h">
      <Filter>Header Files\execution</Filter>
    </ClInclude>
    <ClInclude Include="std_table.h">
      <Filter>Header Files</Filter>
    </ClInclude>
    <ClInclude Include="execution\signal_executor.h">
      <Filter>Header Files\execution</Filter>
    </ClInclude>
  </ItemGroup>
  <ItemGroup>
    <None Include="data\lex.sql">
      <Filter>Source Files\data</Filter>
    </None>
  </ItemGroup>
</Project>